
Microsoft Visual Studio Solution File, Format Version 12.00
# Visual Studio 2015
Project("{FAE04EC0-301F-11D3-BF4B-00C04F79EFBC}") = "Project 3 - training beroerte.CSharp.Plugins", "Project 3 - training beroerte.CSharp.Plugins.csproj", "{77C7F932-8079-FCC2-769A-AD5B843501DF}"
EndProject
Project("{FAE04EC0-301F-11D3-BF4B-00C04F79EFBC}") = "Project 3 - training beroerte.CSharp", "Project 3 - training beroerte.CSharp.csproj", "{238045C2-3C92-7D5E-A9CE-1A8B31ACDDB3}"
EndProject
Project("{FAE04EC0-301F-11D3-BF4B-00C04F79EFBC}") = "Project 3 - training beroerte.CSharp.Editor.Plugins", "Project 3 - training beroerte.CSharp.Editor.Plugins.csproj", "{1D6E9623-6E25-3119-D60D-5D8BC778E8E9}"
EndProject
Project("{FAE04EC0-301F-11D3-BF4B-00C04F79EFBC}") = "Project 3 - training beroerte.CSharp.Editor", "Project 3 - training beroerte.CSharp.Editor.csproj", "{9CB58FEB-0B07-0F75-8FC3-A736BF66EC95}"
EndProject
Global
	GlobalSection(SolutionConfigurationPlatforms) = preSolution
		Debug|Any CPU = Debug|Any CPU
		Release|Any CPU = Release|Any CPU
	EndGlobalSection
	GlobalSection(ProjectConfigurationPlatforms) = postSolution
		{77C7F932-8079-FCC2-769A-AD5B843501DF}.Debug|Any CPU.ActiveCfg = Debug|Any CPU
		{77C7F932-8079-FCC2-769A-AD5B843501DF}.Debug|Any CPU.Build.0 = Debug|Any CPU
		{77C7F932-8079-FCC2-769A-AD5B843501DF}.Release|Any CPU.ActiveCfg = Release|Any CPU
		{77C7F932-8079-FCC2-769A-AD5B843501DF}.Release|Any CPU.Build.0 = Release|Any CPU
		{238045C2-3C92-7D5E-A9CE-1A8B31ACDDB3}.Debug|Any CPU.ActiveCfg = Debug|Any CPU
		{238045C2-3C92-7D5E-A9CE-1A8B31ACDDB3}.Debug|Any CPU.Build.0 = Debug|Any CPU
		{238045C2-3C92-7D5E-A9CE-1A8B31ACDDB3}.Release|Any CPU.ActiveCfg = Release|Any CPU
		{238045C2-3C92-7D5E-A9CE-1A8B31ACDDB3}.Release|Any CPU.Build.0 = Release|Any CPU
		{1D6E9623-6E25-3119-D60D-5D8BC778E8E9}.Debug|Any CPU.ActiveCfg = Debug|Any CPU
		{1D6E9623-6E25-3119-D60D-5D8BC778E8E9}.Debug|Any CPU.Build.0 = Debug|Any CPU
		{1D6E9623-6E25-3119-D60D-5D8BC778E8E9}.Release|Any CPU.ActiveCfg = Release|Any CPU
		{1D6E9623-6E25-3119-D60D-5D8BC778E8E9}.Release|Any CPU.Build.0 = Release|Any CPU
		{9CB58FEB-0B07-0F75-8FC3-A736BF66EC95}.Debug|Any CPU.ActiveCfg = Debug|Any CPU
		{9CB58FEB-0B07-0F75-8FC3-A736BF66EC95}.Debug|Any CPU.Build.0 = Debug|Any CPU
		{9CB58FEB-0B07-0F75-8FC3-A736BF66EC95}.Release|Any CPU.ActiveCfg = Release|Any CPU
		{9CB58FEB-0B07-0F75-8FC3-A736BF66EC95}.Release|Any CPU.Build.0 = Release|Any CPU
	EndGlobalSection
	GlobalSection(SolutionProperties) = preSolution
		HideSolutionNode = FALSE
	EndGlobalSection
EndGlobal
