
Microsoft Visual Studio Solution File, Format Version 12.00
# Visual Studio 2015
Project("{FAE04EC0-301F-11D3-BF4B-00C04F79EFBC}") = "Project 3 - training beroerte.Plugins", "Project 3 - training beroerte.Plugins.csproj", "{1F4DFE3E-6B61-1B96-E9B3-0948697EC434}"
EndProject
Project("{FAE04EC0-301F-11D3-BF4B-00C04F79EFBC}") = "Project 3 - training beroerte", "Project 3 - training beroerte.csproj", "{13ABCA5E-3FB5-BEF1-57AA-6C78124B62C9}"
EndProject
Project("{FAE04EC0-301F-11D3-BF4B-00C04F79EFBC}") = "Project 3 - training beroerte.Editor", "Project 3 - training beroerte.Editor.csproj", "{D2507445-1BED-632F-5AB0-D7D02DDC91E3}"
EndProject
Global
	GlobalSection(SolutionConfigurationPlatforms) = preSolution
		Debug|Any CPU = Debug|Any CPU
		Release|Any CPU = Release|Any CPU
	EndGlobalSection
	GlobalSection(ProjectConfigurationPlatforms) = postSolution
		{1F4DFE3E-6B61-1B96-E9B3-0948697EC434}.Debug|Any CPU.ActiveCfg = Debug|Any CPU
		{1F4DFE3E-6B61-1B96-E9B3-0948697EC434}.Debug|Any CPU.Build.0 = Debug|Any CPU
		{1F4DFE3E-6B61-1B96-E9B3-0948697EC434}.Release|Any CPU.ActiveCfg = Release|Any CPU
		{1F4DFE3E-6B61-1B96-E9B3-0948697EC434}.Release|Any CPU.Build.0 = Release|Any CPU
		{13ABCA5E-3FB5-BEF1-57AA-6C78124B62C9}.Debug|Any CPU.ActiveCfg = Debug|Any CPU
		{13ABCA5E-3FB5-BEF1-57AA-6C78124B62C9}.Debug|Any CPU.Build.0 = Debug|Any CPU
		{13ABCA5E-3FB5-BEF1-57AA-6C78124B62C9}.Release|Any CPU.ActiveCfg = Release|Any CPU
		{13ABCA5E-3FB5-BEF1-57AA-6C78124B62C9}.Release|Any CPU.Build.0 = Release|Any CPU
		{D2507445-1BED-632F-5AB0-D7D02DDC91E3}.Debug|Any CPU.ActiveCfg = Debug|Any CPU
		{D2507445-1BED-632F-5AB0-D7D02DDC91E3}.Debug|Any CPU.Build.0 = Debug|Any CPU
		{D2507445-1BED-632F-5AB0-D7D02DDC91E3}.Release|Any CPU.ActiveCfg = Release|Any CPU
		{D2507445-1BED-632F-5AB0-D7D02DDC91E3}.Release|Any CPU.Build.0 = Release|Any CPU
	EndGlobalSection
	GlobalSection(SolutionProperties) = preSolution
		HideSolutionNode = FALSE
	EndGlobalSection
EndGlobal
