Microsoft Visual Studio Solution File, Format Version 11.00
# Visual Studio 2008

Project("{A2C740B5-4605-F21B-5936-41BBDAFFBF94}") = "Project 3 - training beroerte", "Assembly-CSharp-firstpass.csproj", "{BD65F0ED-46F9-C07A-E330-302F85329195}"
EndProject
Project("{A2C740B5-4605-F21B-5936-41BBDAFFBF94}") = "Project 3 - training beroerte", "Assembly-CSharp.csproj", "{98B029CD-576C-C4C2-D1EA-34933071E566}"
EndProject
Project("{A2C740B5-4605-F21B-5936-41BBDAFFBF94}") = "Project 3 - training beroerte", "Assembly-CSharp-Editor-firstpass.csproj", "{47729419-3F1A-5295-9F76-405E5482930A}"
EndProject
Project("{A2C740B5-4605-F21B-5936-41BBDAFFBF94}") = "Project 3 - training beroerte", "Assembly-CSharp-Editor.csproj", "{2C6C9E0B-1AE3-3E49-CEE7-E2ECC9F03557}"
EndProject
Global
	GlobalSection(SolutionConfigurationPlatforms) = preSolution
		Debug|Any CPU = Debug|Any CPU
		Release|Any CPU = Release|Any CPU
	EndGlobalSection
	GlobalSection(ProjectConfigurationPlatforms) = postSolution
		{BD65F0ED-46F9-C07A-E330-302F85329195}.Debug|Any CPU.ActiveCfg = Debug|Any CPU
		{BD65F0ED-46F9-C07A-E330-302F85329195}.Debug|Any CPU.Build.0 = Debug|Any CPU
		{BD65F0ED-46F9-C07A-E330-302F85329195}.Release|Any CPU.ActiveCfg = Release|Any CPU
		{BD65F0ED-46F9-C07A-E330-302F85329195}.Release|Any CPU.Build.0 = Release|Any CPU
		{98B029CD-576C-C4C2-D1EA-34933071E566}.Debug|Any CPU.ActiveCfg = Debug|Any CPU
		{98B029CD-576C-C4C2-D1EA-34933071E566}.Debug|Any CPU.Build.0 = Debug|Any CPU
		{98B029CD-576C-C4C2-D1EA-34933071E566}.Release|Any CPU.ActiveCfg = Release|Any CPU
		{98B029CD-576C-C4C2-D1EA-34933071E566}.Release|Any CPU.Build.0 = Release|Any CPU
		{47729419-3F1A-5295-9F76-405E5482930A}.Debug|Any CPU.ActiveCfg = Debug|Any CPU
		{47729419-3F1A-5295-9F76-405E5482930A}.Debug|Any CPU.Build.0 = Debug|Any CPU
		{47729419-3F1A-5295-9F76-405E5482930A}.Release|Any CPU.ActiveCfg = Release|Any CPU
		{47729419-3F1A-5295-9F76-405E5482930A}.Release|Any CPU.Build.0 = Release|Any CPU
		{2C6C9E0B-1AE3-3E49-CEE7-E2ECC9F03557}.Debug|Any CPU.ActiveCfg = Debug|Any CPU
		{2C6C9E0B-1AE3-3E49-CEE7-E2ECC9F03557}.Debug|Any CPU.Build.0 = Debug|Any CPU
		{2C6C9E0B-1AE3-3E49-CEE7-E2ECC9F03557}.Release|Any CPU.ActiveCfg = Release|Any CPU
		{2C6C9E0B-1AE3-3E49-CEE7-E2ECC9F03557}.Release|Any CPU.Build.0 = Release|Any CPU
	EndGlobalSection
	GlobalSection(SolutionProperties) = preSolution
		HideSolutionNode = FALSE
	EndGlobalSection
	GlobalSection(MonoDevelopProperties) = preSolution
		StartupItem = Assembly-CSharp.csproj
	EndGlobalSection
EndGlobal
