
Microsoft Visual Studio Solution File, Format Version 12.00
# Visual Studio 2015
Project("{FAE04EC0-301F-11D3-BF4B-00C04F79EFBC}") = "SunTest.CSharp", "SunTest.CSharp.csproj", "{1432A6F0-AFA3-0E79-67BC-F90D98E0D437}"
EndProject
Global
	GlobalSection(SolutionConfigurationPlatforms) = preSolution
		Debug|Any CPU = Debug|Any CPU
		Release|Any CPU = Release|Any CPU
	EndGlobalSection
	GlobalSection(ProjectConfigurationPlatforms) = postSolution
		{1432A6F0-AFA3-0E79-67BC-F90D98E0D437}.Debug|Any CPU.ActiveCfg = Debug|Any CPU
		{1432A6F0-AFA3-0E79-67BC-F90D98E0D437}.Debug|Any CPU.Build.0 = Debug|Any CPU
		{1432A6F0-AFA3-0E79-67BC-F90D98E0D437}.Release|Any CPU.ActiveCfg = Release|Any CPU
		{1432A6F0-AFA3-0E79-67BC-F90D98E0D437}.Release|Any CPU.Build.0 = Release|Any CPU
	EndGlobalSection
	GlobalSection(SolutionProperties) = preSolution
		HideSolutionNode = FALSE
	EndGlobalSection
EndGlobal
