Microsoft Visual Studio Solution File, Format Version 11.00
# Visual Studio 2008

Project("{1FE62D0F-113B-EE7C-4641-0EA5306E14FA}") = "comtest", "Assembly-CSharp-firstpass.csproj", "{D2A55530-CE84-6F9B-FF96-5F18ADC44378}"
EndProject
Project("{1FE62D0F-113B-EE7C-4641-0EA5306E14FA}") = "comtest", "Assembly-CSharp.csproj", "{A70837FE-4F70-B6DD-AA24-053D40C0717B}"
EndProject
Project("{1FE62D0F-113B-EE7C-4641-0EA5306E14FA}") = "comtest", "Assembly-CSharp-Editor-firstpass.csproj", "{F6AC3F3B-DC00-D493-A28F-C2A8A9CF5A75}"
EndProject
Global
	GlobalSection(SolutionConfigurationPlatforms) = preSolution
		Debug|Any CPU = Debug|Any CPU
		Release|Any CPU = Release|Any CPU
	EndGlobalSection
	GlobalSection(ProjectConfigurationPlatforms) = postSolution
		{D2A55530-CE84-6F9B-FF96-5F18ADC44378}.Debug|Any CPU.ActiveCfg = Debug|Any CPU
		{D2A55530-CE84-6F9B-FF96-5F18ADC44378}.Debug|Any CPU.Build.0 = Debug|Any CPU
		{D2A55530-CE84-6F9B-FF96-5F18ADC44378}.Release|Any CPU.ActiveCfg = Release|Any CPU
		{D2A55530-CE84-6F9B-FF96-5F18ADC44378}.Release|Any CPU.Build.0 = Release|Any CPU
		{A70837FE-4F70-B6DD-AA24-053D40C0717B}.Debug|Any CPU.ActiveCfg = Debug|Any CPU
		{A70837FE-4F70-B6DD-AA24-053D40C0717B}.Debug|Any CPU.Build.0 = Debug|Any CPU
		{A70837FE-4F70-B6DD-AA24-053D40C0717B}.Release|Any CPU.ActiveCfg = Release|Any CPU
		{A70837FE-4F70-B6DD-AA24-053D40C0717B}.Release|Any CPU.Build.0 = Release|Any CPU
		{F6AC3F3B-DC00-D493-A28F-C2A8A9CF5A75}.Debug|Any CPU.ActiveCfg = Debug|Any CPU
		{F6AC3F3B-DC00-D493-A28F-C2A8A9CF5A75}.Debug|Any CPU.Build.0 = Debug|Any CPU
		{F6AC3F3B-DC00-D493-A28F-C2A8A9CF5A75}.Release|Any CPU.ActiveCfg = Release|Any CPU
		{F6AC3F3B-DC00-D493-A28F-C2A8A9CF5A75}.Release|Any CPU.Build.0 = Release|Any CPU
	EndGlobalSection
	GlobalSection(SolutionProperties) = preSolution
		HideSolutionNode = FALSE
	EndGlobalSection
	GlobalSection(MonoDevelopProperties) = preSolution
		StartupItem = Assembly-CSharp.csproj
	EndGlobalSection
EndGlobal
