Microsoft Visual Studio Solution File, Format Version 11.00
# Visual Studio 2008

Project("{1FE62D0F-113B-EE7C-4641-0EA5306E14FA}") = "comtest", "Assembly-CSharp.csproj", "{A70837FE-4F70-B6DD-AA24-053D40C0717B}"
EndProject
Global
	GlobalSection(SolutionConfigurationPlatforms) = preSolution
		Debug|Any CPU = Debug|Any CPU
		Release|Any CPU = Release|Any CPU
	EndGlobalSection
	GlobalSection(ProjectConfigurationPlatforms) = postSolution
		{A70837FE-4F70-B6DD-AA24-053D40C0717B}.Debug|Any CPU.ActiveCfg = Debug|Any CPU
		{A70837FE-4F70-B6DD-AA24-053D40C0717B}.Debug|Any CPU.Build.0 = Debug|Any CPU
		{A70837FE-4F70-B6DD-AA24-053D40C0717B}.Release|Any CPU.ActiveCfg = Release|Any CPU
		{A70837FE-4F70-B6DD-AA24-053D40C0717B}.Release|Any CPU.Build.0 = Release|Any CPU
	EndGlobalSection
	GlobalSection(SolutionProperties) = preSolution
		HideSolutionNode = FALSE
	EndGlobalSection
	GlobalSection(MonoDevelopProperties) = preSolution
		StartupItem = Assembly-CSharp.csproj
	EndGlobalSection
EndGlobal
